
Microsoft Visual Studio Solution File, Format Version 12.00
# Visual Studio Version 17
VisualStudioVersion = 17.0.31717.71
MinimumVisualStudioVersion = 10.0.40219.1
Project("{9A19103F-16F7-4668-BE54-9A1E7A4F7556}") = "Stargate.Blazor", "Stargate.Blazor.csproj", "{A8678CF3-5FB7-48FB-9611-A8D3E1318E3A}"
EndProject
Global
	GlobalSection(SolutionConfigurationPlatforms) = preSolution
		Debug|Any CPU = Debug|Any CPU
		Release|Any CPU = Release|Any CPU
	EndGlobalSection
	GlobalSection(ProjectConfigurationPlatforms) = postSolution
		{A8678CF3-5FB7-48FB-9611-A8D3E1318E3A}.Debug|Any CPU.ActiveCfg = Debug|Any CPU
		{A8678CF3-5FB7-48FB-9611-A8D3E1318E3A}.Debug|Any CPU.Build.0 = Debug|Any CPU
		{A8678CF3-5FB7-48FB-9611-A8D3E1318E3A}.Release|Any CPU.ActiveCfg = Release|Any CPU
		{A8678CF3-5FB7-48FB-9611-A8D3E1318E3A}.Release|Any CPU.Build.0 = Release|Any CPU
	EndGlobalSection
	GlobalSection(SolutionProperties) = preSolution
		HideSolutionNode = FALSE
	EndGlobalSection
	GlobalSection(ExtensibilityGlobals) = postSolution
		SolutionGuid = {2A3726D1-F9FE-4201-B434-E5A12BBC1AB2}
	EndGlobalSection
EndGlobal